
Microsoft Visual Studio Solution File, Format Version 12.00
# Visual Studio Version 17
VisualStudioVersion = 17.3.32825.248
MinimumVisualStudioVersion = 10.0.40219.1
Project("{FAE04EC0-301F-11D3-BF4B-00C04F79EFBC}") = "AbsoluteTimer.Tests", "AbsoluteTimer.Tests\AbsoluteTimer.Tests.csproj", "{C68D3ED7-1529-4684-9AD6-3AB15579A84E}"
EndProject
Project("{FAE04EC0-301F-11D3-BF4B-00C04F79EFBC}") = "AbsoluteTimer", "AbsoluteTimer\AbsoluteTimer.csproj", "{34BCFB1A-8691-403B-8627-A85A2A884831}"
EndProject
Global
	GlobalSection(SolutionConfigurationPlatforms) = preSolution
		Debug|Any CPU = Debug|Any CPU
		Release|Any CPU = Release|Any CPU
	EndGlobalSection
	GlobalSection(ProjectConfigurationPlatforms) = postSolution
		{C68D3ED7-1529-4684-9AD6-3AB15579A84E}.Debug|Any CPU.ActiveCfg = Debug|Any CPU
		{C68D3ED7-1529-4684-9AD6-3AB15579A84E}.Debug|Any CPU.Build.0 = Debug|Any CPU
		{C68D3ED7-1529-4684-9AD6-3AB15579A84E}.Release|Any CPU.ActiveCfg = Release|Any CPU
		{C68D3ED7-1529-4684-9AD6-3AB15579A84E}.Release|Any CPU.Build.0 = Release|Any CPU
		{34BCFB1A-8691-403B-8627-A85A2A884831}.Debug|Any CPU.ActiveCfg = Debug|Any CPU
		{34BCFB1A-8691-403B-8627-A85A2A884831}.Debug|Any CPU.Build.0 = Debug|Any CPU
		{34BCFB1A-8691-403B-8627-A85A2A884831}.Release|Any CPU.ActiveCfg = Release|Any CPU
		{34BCFB1A-8691-403B-8627-A85A2A884831}.Release|Any CPU.Build.0 = Release|Any CPU
	EndGlobalSection
	GlobalSection(SolutionProperties) = preSolution
		HideSolutionNode = FALSE
	EndGlobalSection
	GlobalSection(ExtensibilityGlobals) = postSolution
		SolutionGuid = {9E77239A-2D90-4224-98A0-D3A0219EF2EB}
	EndGlobalSection
EndGlobal
